
Microsoft Visual Studio Solution File, Format Version 12.00
# Visual Studio Version 17
VisualStudioVersion = 17.0.31903.59
MinimumVisualStudioVersion = 10.0.40219.1
Project("{FAE04EC0-301F-11D3-BF4B-00C04F79EFBC}") = "ClickAdventure.Core", "ClickAdventure.Core\ClickAdventure.Core.csproj", "{1DC25075-1DAE-45C8-BB45-D5B4EB661488}"
EndProject
Project("{FAE04EC0-301F-11D3-BF4B-00C04F79EFBC}") = "ClickAdventure.Runner", "ClickAdventure.Runner\ClickAdventure.Runner.csproj", "{6AF26DAB-5069-4E9D-A589-35C97FF5C17D}"
EndProject
Global
	GlobalSection(SolutionConfigurationPlatforms) = preSolution
		Debug|Any CPU = Debug|Any CPU
		Release|Any CPU = Release|Any CPU
	EndGlobalSection
	GlobalSection(SolutionProperties) = preSolution
		HideSolutionNode = FALSE
	EndGlobalSection
	GlobalSection(ProjectConfigurationPlatforms) = postSolution
		{1DC25075-1DAE-45C8-BB45-D5B4EB661488}.Debug|Any CPU.ActiveCfg = Debug|Any CPU
		{1DC25075-1DAE-45C8-BB45-D5B4EB661488}.Debug|Any CPU.Build.0 = Debug|Any CPU
		{1DC25075-1DAE-45C8-BB45-D5B4EB661488}.Release|Any CPU.ActiveCfg = Release|Any CPU
		{1DC25075-1DAE-45C8-BB45-D5B4EB661488}.Release|Any CPU.Build.0 = Release|Any CPU
		{6AF26DAB-5069-4E9D-A589-35C97FF5C17D}.Debug|Any CPU.ActiveCfg = Debug|Any CPU
		{6AF26DAB-5069-4E9D-A589-35C97FF5C17D}.Debug|Any CPU.Build.0 = Debug|Any CPU
		{6AF26DAB-5069-4E9D-A589-35C97FF5C17D}.Release|Any CPU.ActiveCfg = Release|Any CPU
		{6AF26DAB-5069-4E9D-A589-35C97FF5C17D}.Release|Any CPU.Build.0 = Release|Any CPU
	EndGlobalSection
EndGlobal
